// !$*UTF8*$!
{
	archiveVersion = 1;
	classes = {
	};
	objectVersion = 50;
	objects = {

/* Begin PBXBuildFile section */
		5F9EE01A2340917C004C0089 /* AppDelegate.swift in Sources */ = {isa = PBXBuildFile; fileRef = 5F9EE0192340917C004C0089 /* AppDelegate.swift */; };
		5F9EE01C2340917C004C0089 /* SceneDelegate.swift in Sources */ = {isa = PBXBuildFile; fileRef = 5F9EE01B2340917C004C0089 /* SceneDelegate.swift */; };
		5F9EE01E2340917C004C0089 /* ViewController.swift in Sources */ = {isa = PBXBuildFile; fileRef = 5F9EE01D2340917C004C0089 /* ViewController.swift */; };
		5F9EE0212340917C004C0089 /* Main.storyboard in Resources */ = {isa = PBXBuildFile; fileRef = 5F9EE01F2340917C004C0089 /* Main.storyboard */; };
		5F9EE0232340917D004C0089 /* Assets.xcassets in Resources */ = {isa = PBXBuildFile; fileRef = 5F9EE0222340917D004C0089 /* Assets.xcassets */; };
		5F9EE0262340917D004C0089 /* LaunchScreen.storyboard in Resources */ = {isa = PBXBuildFile; fileRef = 5F9EE0242340917D004C0089 /* LaunchScreen.storyboard */; };
		5F9EE0312340917D004C0089 /* ScrollTextDemoTests.swift in Sources */ = {isa = PBXBuildFile; fileRef = 5F9EE0302340917D004C0089 /* ScrollTextDemoTests.swift */; };
/* End PBXBuildFile section */

/* Begin PBXContainerItemProxy section */
		5F9EE02D2340917D004C0089 /* PBXContainerItemProxy */ = {
			isa = PBXContainerItemProxy;
			containerPortal = 5F9EE00E2340917C004C0089 /* Project object */;
			proxyType = 1;
			remoteGlobalIDString = 5F9EE0152340917C004C0089;
			remoteInfo = ScrollTextDemo;
		};
/* End PBXContainerItemProxy section */

/* Begin PBXFileReference section */
		5F9EE0162340917C004C0089 /* ScrollTextDemo.app */ = {isa = PBXFileReference; explicitFileType = wrapper.application; includeInIndex = 0; path = ScrollTextDemo.app; sourceTree = BUILT_PRODUCTS_DIR; };
		5F9EE0192340917C004C0089 /* AppDelegate.swift */ = {isa = PBXFileReference; lastKnownFileType = sourcecode.swift; path = AppDelegate.swift; sourceTree = "<group>"; };
		5F9EE01B2340917C004C0089 /* SceneDelegate.swift */ = {isa = PBXFileReference; lastKnownFileType = sourcecode.swift; path = SceneDelegate.swift; sourceTree = "<group>"; };
		5F9EE01D2340917C004C0089 /* ViewController.swift */ = {isa = PBXFileReference; lastKnownFileType = sourcecode.swift; path = ViewController.swift; sourceTree = "<group>"; };
		5F9EE0202340917C004C0089 /* Base */ = {isa = PBXFileReference; lastKnownFileType = file.storyboard; name = Base; path = Base.lproj/Main.storyboard; sourceTree = "<group>"; };
		5F9EE0222340917D004C0089 /* Assets.xcassets */ = {isa = PBXFileReference; lastKnownFileType = folder.assetcatalog; path = Assets.xcassets; sourceTree = "<group>"; };
		5F9EE0252340917D004C0089 /* Base */ = {isa = PBXFileReference; lastKnownFileType = file.storyboard; name = Base; path = Base.lproj/LaunchScreen.storyboard; sourceTree = "<group>"; };
		5F9EE0272340917D004C0089 /* Info.plist */ = {isa = PBXFileReference; lastKnownFileType = text.plist.xml; path = Info.plist; sourceTree = "<group>"; };
		5F9EE02C2340917D004C0089 /* ScrollTextDemoTests.xctest */ = {isa = PBXFileReference; explicitFileType = wrapper.cfbundle; includeInIndex = 0; path = ScrollTextDemoTests.xctest; sourceTree = BUILT_PRODUCTS_DIR; };
		5F9EE0302340917D004C0089 /* ScrollTextDemoTests.swift */ = {isa = PBXFileReference; lastKnownFileType = sourcecode.swift; path = ScrollTextDemoTests.swift; sourceTree = "<group>"; };
		5F9EE0322340917D004C0089 /* Info.plist */ = {isa = PBXFileReference; lastKnownFileType = text.plist.xml; path = Info.plist; sourceTree = "<group>"; };
/* End PBXFileReference section */

/* Begin PBXFrameworksBuildPhase section */
		5F9EE0132340917C004C0089 /* Frameworks */ = {
			isa = PBXFrameworksBuildPhase;
			buildActionMask = 2147483647;
			files = (
			);
			runOnlyForDeploymentPostprocessing = 0;
		};
		5F9EE0292340917D004C0089 /* Frameworks */ = {
			isa = PBXFrameworksBuildPhase;
			buildActionMask = 2147483647;
			files = (
			);
			runOnlyForDeploymentPostprocessing = 0;
		};
/* End PBXFrameworksBuildPhase section */

/* Begin PBXGroup section */
		5F9EE00D2340917C004C0089 = {
			isa = PBXGroup;
			children = (
				5F9EE0182340917C004C0089 /* ScrollTextDemo */,
				5F9EE02F2340917D004C0089 /* ScrollTextDemoTests */,
				5F9EE0172340917C004C0089 /* Products */,
			);
			sourceTree = "<group>";
		};
		5F9EE0172340917C004C0089 /* Products */ = {
			isa = PBXGroup;
			children = (
				5F9EE0162340917C004C0089 /* ScrollTextDemo.app */,
				5F9EE02C2340917D004C0089 /* ScrollTextDemoTests.xctest */,
			);
			name = Products;
			sourceTree = "<group>";
		};
		5F9EE0182340917C004C0089 /* ScrollTextDemo */ = {
			isa = PBXGroup;
			children = (
				5F9EE0192340917C004C0089 /* AppDelegate.swift */,
				5F9EE01B2340917C004C0089 /* SceneDelegate.swift */,
				5F9EE01D2340917C004C0089 /* ViewController.swift */,
				5F9EE01F2340917C004C0089 /* Main.storyboard */,
				5F9EE0222340917D004C0089 /* Assets.xcassets */,
				5F9EE0242340917D004C0089 /* LaunchScreen.storyboard */,
				5F9EE0272340917D004C0089 /* Info.plist */,
			);
			path = ScrollTextDemo;
			sourceTree = "<group>";
		};
		5F9EE02F2340917D004C0089 /* ScrollTextDemoTests */ = {
			isa = PBXGroup;
			children = (
				5F9EE0302340917D004C0089 /* ScrollTextDemoTests.swift */,
				5F9EE0322340917D004C0089 /* Info.plist */,
			);
			path = ScrollTextDemoTests;
			sourceTree = "<group>";
		};
/* End PBXGroup section */

/* Begin PBXNativeTarget section */
		5F9EE0152340917C004C0089 /* ScrollTextDemo */ = {
			isa = PBXNativeTarget;
			buildConfigurationList = 5F9EE0352340917D004C0089 /* Build configuration list for PBXNativeTarget "ScrollTextDemo" */;
			buildPhases = (
				5F9EE0122340917C004C0089 /* Sources */,
				5F9EE0132340917C004C0089 /* Frameworks */,
				5F9EE0142340917C004C0089 /* Resources */,
			);
			buildRules = (
			);
			dependencies = (
			);
			name = ScrollTextDemo;
			productName = ScrollTextDemo;
			productReference = 5F9EE0162340917C004C0089 /* ScrollTextDemo.app */;
			productType = "com.apple.product-type.application";
		};
		5F9EE02B2340917D004C0089 /* ScrollTextDemoTests */ = {
			isa = PBXNativeTarget;
			buildConfigurationList = 5F9EE0382340917D004C0089 /* Build configuration list for PBXNativeTarget "ScrollTextDemoTests" */;
			buildPhases = (
				5F9EE0282340917D004C0089 /* Sources */,
				5F9EE0292340917D004C0089 /* Frameworks */,
				5F9EE02A2340917D004C0089 /* Resources */,
			);
			buildRules = (
			);
			dependencies = (
				5F9EE02E2340917D004C0089 /* PBXTargetDependency */,
			);
			name = ScrollTextDemoTests;
			productName = ScrollTextDemoTests;
			productReference = 5F9EE02C2340917D004C0089 /* ScrollTextDemoTests.xctest */;
			productType = "com.apple.product-type.bundle.unit-test";
		};
/* End PBXNativeTarget section */

/* Begin PBXProject section */
		5F9EE00E2340917C004C0089 /* Project object */ = {
			isa = PBXProject;
			attributes = {
				LastSwiftUpdateCheck = 1100;
				LastUpgradeCheck = 1100;
				ORGANIZATIONNAME = Wasim;
				TargetAttributes = {
					5F9EE0152340917C004C0089 = {
						CreatedOnToolsVersion = 11.0;
					};
					5F9EE02B2340917D004C0089 = {
						CreatedOnToolsVersion = 11.0;
						TestTargetID = 5F9EE0152340917C004C0089;
					};
				};
			};
			buildConfigurationList = 5F9EE0112340917C004C0089 /* Build configuration list for PBXProject "ScrollTextDemo" */;
			compatibilityVersion = "Xcode 9.3";
			developmentRegion = en;
			hasScannedForEncodings = 0;
			knownRegions = (
				en,
				Base,
			);
			mainGroup = 5F9EE00D2340917C004C0089;
			productRefGroup = 5F9EE0172340917C004C0089 /* Products */;
			projectDirPath = "";
			projectRoot = "";
			targets = (
				5F9EE0152340917C004C0089 /* ScrollTextDemo */,
				5F9EE02B2340917D004C0089 /* ScrollTextDemoTests */,
			);
		};
/* End PBXProject section */

/* Begin PBXResourcesBuildPhase section */
		5F9EE0142340917C004C0089 /* Resources */ = {
			isa = PBXResourcesBuildPhase;
			buildActionMask = 2147483647;
			files = (
				5F9EE0262340917D004C0089 /* LaunchScreen.storyboard in Resources */,
				5F9EE0232340917D004C0089 /* Assets.xcassets in Resources */,
				5F9EE0212340917C004C0089 /* Main.storyboard in Resources */,
			);
			runOnlyForDeploymentPostprocessing = 0;
		};
		5F9EE02A2340917D004C0089 /* Resources */ = {
			isa = PBXResourcesBuildPhase;
			buildActionMask = 2147483647;
			files = (
			);
			runOnlyForDeploymentPostprocessing = 0;
		};
/* End PBXResourcesBuildPhase section */

/* Begin PBXSourcesBuildPhase section */
		5F9EE0122340917C004C0089 /* Sources */ = {
			isa = PBXSourcesBuildPhase;
			buildActionMask = 2147483647;
			files = (
				5F9EE01E2340917C004C0089 /* ViewController.swift in Sources */,
				5F9EE01A2340917C004C0089 /* AppDelegate.swift in Sources */,
				5F9EE01C2340917C004C0089 /* SceneDelegate.swift in Sources */,
			);
			runOnlyForDeploymentPostprocessing = 0;
		};
		5F9EE0282340917D004C0089 /* Sources */ = {
			isa = PBXSourcesBuildPhase;
			buildActionMask = 2147483647;
			files = (
				5F9EE0312340917D004C0089 /* ScrollTextDemoTests.swift in Sources */,
			);
			runOnlyForDeploymentPostprocessing = 0;
		};
/* End PBXSourcesBuildPhase section */

/* Begin PBXTargetDependency section */
		5F9EE02E2340917D004C0089 /* PBXTargetDependency */ = {
			isa = PBXTargetDependency;
			target = 5F9EE0152340917C004C0089 /* ScrollTextDemo */;
			targetProxy = 5F9EE02D2340917D004C0089 /* PBXContainerItemProxy */;
		};
/* End PBXTargetDependency section */

/* Begin PBXVariantGroup section */
		5F9EE01F2340917C004C0089 /* Main.storyboard */ = {
			isa = PBXVariantGroup;
			children = (
				5F9EE0202340917C004C0089 /* Base */,
			);
			name = Main.storyboard;
			sourceTree = "<group>";
		};
		5F9EE0242340917D004C0089 /* LaunchScreen.storyboard */ = {
			isa = PBXVariantGroup;
			children = (
				5F9EE0252340917D004C0089 /* Base */,
			);
			name = LaunchScreen.storyboard;
			sourceTree = "<group>";
		};
/* End PBXVariantGroup section */

/* Begin XCBuildConfiguration section */
		5F9EE0332340917D004C0089 /* Debug */ = {
			isa = XCBuildConfiguration;
			buildSettings = {
				ALWAYS_SEARCH_USER_PATHS = NO;
				CLANG_ANALYZER_NONNULL = YES;
				CLANG_ANALYZER_NUMBER_OBJECT_CONVERSION = YES_AGGRESSIVE;
				CLANG_CXX_LANGUAGE_STANDARD = "gnu++14";
				CLANG_CXX_LIBRARY = "libc++";
				CLANG_ENABLE_MODULES = YES;
				CLANG_ENABLE_OBJC_ARC = YES;
				CLANG_ENABLE_OBJC_WEAK = YES;
				CLANG_WARN_BLOCK_CAPTURE_AUTORELEASING = YES;
				CLANG_WARN_BOOL_CONVERSION = YES;
				CLANG_WARN_COMMA = YES;
				CLANG_WARN_CONSTANT_CONVERSION = YES;
				CLANG_WARN_DEPRECATED_OBJC_IMPLEMENTATIONS = YES;
				CLANG_WARN_DIRECT_OBJC_ISA_USAGE = YES_ERROR;
				CLANG_WARN_DOCUMENTATION_COMMENTS = YES;
				CLANG_WARN_EMPTY_BODY = YES;
				CLANG_WARN_ENUM_CONVERSION = YES;
				CLANG_WARN_INFINITE_RECURSION = YES;
				CLANG_WARN_INT_CONVERSION = YES;
				CLANG_WARN_NON_LITERAL_NULL_CONVERSION = YES;
				CLANG_WARN_OBJC_IMPLICIT_RETAIN_SELF = YES;
				CLANG_WARN_OBJC_LITERAL_CONVERSION = YES;
				CLANG_WARN_OBJC_ROOT_CLASS = YES_ERROR;
				CLANG_WARN_RANGE_LOOP_ANALYSIS = YES;
				CLANG_WARN_STRICT_PROTOTYPES = YES;
				CLANG_WARN_SUSPICIOUS_MOVE = YES;
				CLANG_WARN_UNGUARDED_AVAILABILITY = YES_AGGRESSIVE;
				CLANG_WARN_UNREACHABLE_CODE = YES;
				CLANG_WARN__DUPLICATE_METHOD_MATCH = YES;
				COPY_PHASE_STRIP = NO;
				DEBUG_INFORMATION_FORMAT = dwarf;
				ENABLE_STRICT_OBJC_MSGSEND = YES;
				ENABLE_TESTABILITY = YES;
				GCC_C_LANGUAGE_STANDARD = gnu11;
				GCC_DYNAMIC_NO_PIC = NO;
				GCC_NO_COMMON_BLOCKS = YES;
				GCC_OPTIMIZATION_LEVEL = 0;
				GCC_PREPROCESSOR_DEFINITIONS = (
					"DEBUG=1",
					"$(inherited)",
				);
				GCC_WARN_64_TO_32_BIT_CONVERSION = YES;
				GCC_WARN_ABOUT_RETURN_TYPE = YES_ERROR;
				GCC_WARN_UNDECLARED_SELECTOR = YES;
				GCC_WARN_UNINITIALIZED_AUTOS = YES_AGGRESSIVE;
				GCC_WARN_UNUSED_FUNCTION = YES;
				GCC_WARN_UNUSED_VARIABLE = YES;
				IPHONEOS_DEPLOYMENT_TARGET = 13.0;
				MTL_ENABLE_DEBUG_INFO = INCLUDE_SOURCE;
				MTL_FAST_MATH = YES;
				ONLY_ACTIVE_ARCH = YES;
				SDKROOT = iphoneos;
				SWIFT_ACTIVE_COMPILATION_CONDITIONS = DEBUG;
				SWIFT_OPTIMIZATION_LEVEL = "-Onone";
			};
			name = Debug;
		};
		5F9EE0342340917D004C0089 /* Release */ = {
			isa = XCBuildConfiguration;
			buildSettings = {
				ALWAYS_SEARCH_USER_PATHS = NO;
				CLANG_ANALYZER_NONNULL = YES;
				CLANG_ANALYZER_NUMBER_OBJECT_CONVERSION = YES_AGGRESSIVE;
				CLANG_CXX_LANGUAGE_STANDARD = "gnu++14";
				CLANG_CXX_LIBRARY = "libc++";
				CLANG_ENABLE_MODULES = YES;
				CLANG_ENABLE_OBJC_ARC = YES;
				CLANG_ENABLE_OBJC_WEAK = YES;
				CLANG_WARN_BLOCK_CAPTURE_AUTORELEASING = YES;
				CLANG_WARN_BOOL_CONVERSION = YES;
				CLANG_WARN_COMMA = YES;
				CLANG_WARN_CONSTANT_CONVERSION = YES;
				CLANG_WARN_DEPRECATED_OBJC_IMPLEMENTATIONS = YES;
				CLANG_WARN_DIRECT_OBJC_ISA_USAGE = YES_ERROR;
				CLANG_WARN_DOCUMENTATION_COMMENTS = YES;
				CLANG_WARN_EMPTY_BODY = YES;
				CLANG_WARN_ENUM_CONVERSION = YES;
				CLANG_WARN_INFINITE_RECURSION = YES;
				CLANG_WARN_INT_CONVERSION = YES;
				CLANG_WARN_NON_LITERAL_NULL_CONVERSION = YES;
				CLANG_WARN_OBJC_IMPLICIT_RETAIN_SELF = YES;
				CLANG_WARN_OBJC_LITERAL_CONVERSION = YES;
				CLANG_WARN_OBJC_ROOT_CLASS = YES_ERROR;
				CLANG_WARN_RANGE_LOOP_ANALYSIS = YES;
				CLANG_WARN_STRICT_PROTOTYPES = YES;
				CLANG_WARN_SUSPICIOUS_MOVE = YES;
				CLANG_WARN_UNGUARDED_AVAILABILITY = YES_AGGRESSIVE;
				CLANG_WARN_UNREACHABLE_CODE = YES;
				CLANG_WARN__DUPLICATE_METHOD_MATCH = YES;
				COPY_PHASE_STRIP = NO;
				DEBUG_INFORMATION_FORMAT = "dwarf-with-dsym";
				ENABLE_NS_ASSERTIONS = NO;
				ENABLE_STRICT_OBJC_MSGSEND = YES;
				GCC_C_LANGUAGE_STANDARD = gnu11;
				GCC_NO_COMMON_BLOCKS = YES;
				GCC_WARN_64_TO_32_BIT_CONVERSION = YES;
				GCC_WARN_ABOUT_RETURN_TYPE = YES_ERROR;
				GCC_WARN_UNDECLARED_SELECTOR = YES;
				GCC_WARN_UNINITIALIZED_AUTOS = YES_AGGRESSIVE;
				GCC_WARN_UNUSED_FUNCTION = YES;
				GCC_WARN_UNUSED_VARIABLE = YES;
				IPHONEOS_DEPLOYMENT_TARGET = 13.0;
				MTL_ENABLE_DEBUG_INFO = NO;
				MTL_FAST_MATH = YES;
				SDKROOT = iphoneos;
				SWIFT_COMPILATION_MODE = wholemodule;
				SWIFT_OPTIMIZATION_LEVEL = "-O";
				VALIDATE_PRODUCT = YES;
			};
			name = Release;
		};
		5F9EE0362340917D004C0089 /* Debug */ = {
			isa = XCBuildConfiguration;
			buildSettings = {
				ASSETCATALOG_COMPILER_APPICON_NAME = AppIcon;
				CODE_SIGN_STYLE = Automatic;
				DEVELOPMENT_TEAM = JCPY7FXGR4;
				INFOPLIST_FILE = ScrollTextDemo/Info.plist;
				LD_RUNPATH_SEARCH_PATHS = (
					"$(inherited)",
					"@executable_path/Frameworks",
				);
				PRODUCT_BUNDLE_IDENTIFIER = net.grandcentrix.ScrollTextDemo;
				PRODUCT_NAME = "$(TARGET_NAME)";
				SWIFT_VERSION = 5.0;
				TARGETED_DEVICE_FAMILY = "1,2";
			};
			name = Debug;
		};
		5F9EE0372340917D004C0089 /* Release */ = {
			isa = XCBuildConfiguration;
			buildSettings = {
				ASSETCATALOG_COMPILER_APPICON_NAME = AppIcon;
				CODE_SIGN_STYLE = Automatic;
				DEVELOPMENT_TEAM = JCPY7FXGR4;
				INFOPLIST_FILE = ScrollTextDemo/Info.plist;
				LD_RUNPATH_SEARCH_PATHS = (
					"$(inherited)",
					"@executable_path/Frameworks",
				);
				PRODUCT_BUNDLE_IDENTIFIER = net.grandcentrix.ScrollTextDemo;
				PRODUCT_NAME = "$(TARGET_NAME)";
				SWIFT_VERSION = 5.0;
				TARGETED_DEVICE_FAMILY = "1,2";
			};
			name = Release;
		};
		5F9EE0392340917D004C0089 /* Debug */ = {
			isa = XCBuildConfiguration;
			buildSettings = {
				ALWAYS_EMBED_SWIFT_STANDARD_LIBRARIES = YES;
				BUNDLE_LOADER = "$(TEST_HOST)";
				CODE_SIGN_STYLE = Automatic;
				DEVELOPMENT_TEAM = JCPY7FXGR4;
				INFOPLIST_FILE = ScrollTextDemoTests/Info.plist;
				IPHONEOS_DEPLOYMENT_TARGET = 13.0;
				LD_RUNPATH_SEARCH_PATHS = (
					"$(inherited)",
					"@executable_path/Frameworks",
					"@loader_path/Frameworks",
				);
				PRODUCT_BUNDLE_IDENTIFIER = net.grandcentrix.ScrollTextDemoTests;
				PRODUCT_NAME = "$(TARGET_NAME)";
				SWIFT_VERSION = 5.0;
				TARGETED_DEVICE_FAMILY = "1,2";
				TEST_HOST = "$(BUILT_PRODUCTS_DIR)/ScrollTextDemo.app/ScrollTextDemo";
			};
			name = Debug;
		};
		5F9EE03A2340917D004C0089 /* Release */ = {
			isa = XCBuildConfiguration;
			buildSettings = {
				ALWAYS_EMBED_SWIFT_STANDARD_LIBRARIES = YES;
				BUNDLE_LOADER = "$(TEST_HOST)";
				CODE_SIGN_STYLE = Automatic;
				DEVELOPMENT_TEAM = JCPY7FXGR4;
				INFOPLIST_FILE = ScrollTextDemoTests/Info.plist;
				IPHONEOS_DEPLOYMENT_TARGET = 13.0;
				LD_RUNPATH_SEARCH_PATHS = (
					"$(inherited)",
					"@executable_path/Frameworks",
					"@loader_path/Frameworks",
				);
				PRODUCT_BUNDLE_IDENTIFIER = net.grandcentrix.ScrollTextDemoTests;
				PRODUCT_NAME = "$(TARGET_NAME)";
				SWIFT_VERSION = 5.0;
				TARGETED_DEVICE_FAMILY = "1,2";
				TEST_HOST = "$(BUILT_PRODUCTS_DIR)/ScrollTextDemo.app/ScrollTextDemo";
			};
			name = Release;
		};
/* End XCBuildConfiguration section */

/* Begin XCConfigurationList section */
		5F9EE0112340917C004C0089 /* Build configuration list for PBXProject "ScrollTextDemo" */ = {
			isa = XCConfigurationList;
			buildConfigurations = (
				5F9EE0332340917D004C0089 /* Debug */,
				5F9EE0342340917D004C0089 /* Release */,
			);
			defaultConfigurationIsVisible = 0;
			defaultConfigurationName = Release;
		};
		5F9EE0352340917D004C0089 /* Build configuration list for PBXNativeTarget "ScrollTextDemo" */ = {
			isa = XCConfigurationList;
			buildConfigurations = (
				5F9EE0362340917D004C0089 /* Debug */,
				5F9EE0372340917D004C0089 /* Release */,
			);
			defaultConfigurationIsVisible = 0;
			defaultConfigurationName = Release;
		};
		5F9EE0382340917D004C0089 /* Build configuration list for PBXNativeTarget "ScrollTextDemoTests" */ = {
			isa = XCConfigurationList;
			buildConfigurations = (
				5F9EE0392340917D004C0089 /* Debug */,
				5F9EE03A2340917D004C0089 /* Release */,
			);
			defaultConfigurationIsVisible = 0;
			defaultConfigurationName = Release;
		};
/* End XCConfigurationList section */
	};
	rootObject = 5F9EE00E2340917C004C0089 /* Project object */;
}
